// !$*UTF8*$!
{
	archiveVersion = 1;
	classes = {
	};
	objectVersion = 77;
	objects = {

/* Begin PBXBuildFile section */
		B4141C4E2D0AEF370033000B /* Keyboard in Frameworks */ = {isa = PBXBuildFile; productRef = B4141C4D2D0AEF370033000B /* Keyboard */; };
		B4141C512D0AF68D0033000B /* AudioKitUI in Frameworks */ = {isa = PBXBuildFile; productRef = B4141C502D0AF68D0033000B /* AudioKitUI */; };
		B452C8E22CF2754F003BFB20 /* AudioKit in Frameworks */ = {isa = PBXBuildFile; productRef = B452C8E12CF2754F003BFB20 /* AudioKit */; };
		B452C8E52CF27647003BFB20 /* SoundpipeAudioKit in Frameworks */ = {isa = PBXBuildFile; productRef = B452C8E42CF27647003BFB20 /* SoundpipeAudioKit */; };
/* End PBXBuildFile section */

/* Begin PBXContainerItemProxy section */
		B452C8C42CF27536003BFB20 /* PBXContainerItemProxy */ = {
			isa = PBXContainerItemProxy;
			containerPortal = B452C8AB2CF27532003BFB20 /* Project object */;
			proxyType = 1;
			remoteGlobalIDString = B452C8B22CF27532003BFB20;
			remoteInfo = Synthucator;
		};
		B452C8CE2CF27536003BFB20 /* PBXContainerItemProxy */ = {
			isa = PBXContainerItemProxy;
			containerPortal = B452C8AB2CF27532003BFB20 /* Project object */;
			proxyType = 1;
			remoteGlobalIDString = B452C8B22CF27532003BFB20;
			remoteInfo = Synthucator;
		};
/* End PBXContainerItemProxy section */

/* Begin PBXFileReference section */
		B452C8B32CF27532003BFB20 /* Synthucator.app */ = {isa = PBXFileReference; explicitFileType = wrapper.application; includeInIndex = 0; path = Synthucator.app; sourceTree = BUILT_PRODUCTS_DIR; };
		B452C8C32CF27536003BFB20 /* SynthucatorTests.xctest */ = {isa = PBXFileReference; explicitFileType = wrapper.cfbundle; includeInIndex = 0; path = SynthucatorTests.xctest; sourceTree = BUILT_PRODUCTS_DIR; };
		B452C8CD2CF27536003BFB20 /* SynthucatorUITests.xctest */ = {isa = PBXFileReference; explicitFileType = wrapper.cfbundle; includeInIndex = 0; path = SynthucatorUITests.xctest; sourceTree = BUILT_PRODUCTS_DIR; };
/* End PBXFileReference section */

/* Begin PBXFileSystemSynchronizedBuildFileExceptionSet section */
		B4B02E452D35D2D800D782FA /* Exceptions for "Synthucator" folder in "Synthucator" target */ = {
			isa = PBXFileSystemSynchronizedBuildFileExceptionSet;
			membershipExceptions = (
				Info.plist,
			);
			target = B452C8B22CF27532003BFB20 /* Synthucator */;
		};
/* End PBXFileSystemSynchronizedBuildFileExceptionSet section */

/* Begin PBXFileSystemSynchronizedRootGroup section */
		B452C8B52CF27532003BFB20 /* Synthucator */ = {
			isa = PBXFileSystemSynchronizedRootGroup;
			exceptions = (
				B4B02E452D35D2D800D782FA /* Exceptions for "Synthucator" folder in "Synthucator" target */,
			);
			path = Synthucator;
			sourceTree = "<group>";
		};
		B452C8C62CF27536003BFB20 /* SynthucatorTests */ = {
			isa = PBXFileSystemSynchronizedRootGroup;
			path = SynthucatorTests;
			sourceTree = "<group>";
		};
		B452C8D02CF27536003BFB20 /* SynthucatorUITests */ = {
			isa = PBXFileSystemSynchronizedRootGroup;
			path = SynthucatorUITests;
			sourceTree = "<group>";
		};
/* End PBXFileSystemSynchronizedRootGroup section */

/* Begin PBXFrameworksBuildPhase section */
		B452C8B02CF27532003BFB20 /* Frameworks */ = {
			isa = PBXFrameworksBuildPhase;
			buildActionMask = 2147483647;
			files = (
				B4141C4E2D0AEF370033000B /* Keyboard in Frameworks */,
				B452C8E52CF27647003BFB20 /* SoundpipeAudioKit in Frameworks */,
				B4141C512D0AF68D0033000B /* AudioKitUI in Frameworks */,
				B452C8E22CF2754F003BFB20 /* AudioKit in Frameworks */,
			);
			runOnlyForDeploymentPostprocessing = 0;
		};
		B452C8C02CF27536003BFB20 /* Frameworks */ = {
			isa = PBXFrameworksBuildPhase;
			buildActionMask = 2147483647;
			files = (
			);
			runOnlyForDeploymentPostprocessing = 0;
		};
		B452C8CA2CF27536003BFB20 /* Frameworks */ = {
			isa = PBXFrameworksBuildPhase;
			buildActionMask = 2147483647;
			files = (
			);
			runOnlyForDeploymentPostprocessing = 0;
		};
/* End PBXFrameworksBuildPhase section */

/* Begin PBXGroup section */
		B452C8AA2CF27532003BFB20 = {
			isa = PBXGroup;
			children = (
				B452C8B52CF27532003BFB20 /* Synthucator */,
				B452C8C62CF27536003BFB20 /* SynthucatorTests */,
				B452C8D02CF27536003BFB20 /* SynthucatorUITests */,
				B452C8B42CF27532003BFB20 /* Products */,
			);
			sourceTree = "<group>";
		};
		B452C8B42CF27532003BFB20 /* Products */ = {
			isa = PBXGroup;
			children = (
				B452C8B32CF27532003BFB20 /* Synthucator.app */,
				B452C8C32CF27536003BFB20 /* SynthucatorTests.xctest */,
				B452C8CD2CF27536003BFB20 /* SynthucatorUITests.xctest */,
			);
			name = Products;
			sourceTree = "<group>";
		};
/* End PBXGroup section */

/* Begin PBXNativeTarget section */
		B452C8B22CF27532003BFB20 /* Synthucator */ = {
			isa = PBXNativeTarget;
			buildConfigurationList = B452C8D72CF27536003BFB20 /* Build configuration list for PBXNativeTarget "Synthucator" */;
			buildPhases = (
				B452C8AF2CF27532003BFB20 /* Sources */,
				B452C8B02CF27532003BFB20 /* Frameworks */,
				B452C8B12CF27532003BFB20 /* Resources */,
			);
			buildRules = (
			);
			dependencies = (
			);
			fileSystemSynchronizedGroups = (
				B452C8B52CF27532003BFB20 /* Synthucator */,
			);
			name = Synthucator;
			packageProductDependencies = (
				B452C8E12CF2754F003BFB20 /* AudioKit */,
				B452C8E42CF27647003BFB20 /* SoundpipeAudioKit */,
				B4141C4D2D0AEF370033000B /* Keyboard */,
				B4141C502D0AF68D0033000B /* AudioKitUI */,
			);
			productName = Synthucator;
			productReference = B452C8B32CF27532003BFB20 /* Synthucator.app */;
			productType = "com.apple.product-type.application";
		};
		B452C8C22CF27536003BFB20 /* SynthucatorTests */ = {
			isa = PBXNativeTarget;
			buildConfigurationList = B452C8DA2CF27536003BFB20 /* Build configuration list for PBXNativeTarget "SynthucatorTests" */;
			buildPhases = (
				B452C8BF2CF27536003BFB20 /* Sources */,
				B452C8C02CF27536003BFB20 /* Frameworks */,
				B452C8C12CF27536003BFB20 /* Resources */,
			);
			buildRules = (
			);
			dependencies = (
				B452C8C52CF27536003BFB20 /* PBXTargetDependency */,
			);
			fileSystemSynchronizedGroups = (
				B452C8C62CF27536003BFB20 /* SynthucatorTests */,
			);
			name = SynthucatorTests;
			packageProductDependencies = (
			);
			productName = SynthucatorTests;
			productReference = B452C8C32CF27536003BFB20 /* SynthucatorTests.xctest */;
			productType = "com.apple.product-type.bundle.unit-test";
		};
		B452C8CC2CF27536003BFB20 /* SynthucatorUITests */ = {
			isa = PBXNativeTarget;
			buildConfigurationList = B452C8DD2CF27536003BFB20 /* Build configuration list for PBXNativeTarget "SynthucatorUITests" */;
			buildPhases = (
				B452C8C92CF27536003BFB20 /* Sources */,
				B452C8CA2CF27536003BFB20 /* Frameworks */,
				B452C8CB2CF27536003BFB20 /* Resources */,
			);
			buildRules = (
			);
			dependencies = (
				B452C8CF2CF27536003BFB20 /* PBXTargetDependency */,
			);
			fileSystemSynchronizedGroups = (
				B452C8D02CF27536003BFB20 /* SynthucatorUITests */,
			);
			name = SynthucatorUITests;
			packageProductDependencies = (
			);
			productName = SynthucatorUITests;
			productReference = B452C8CD2CF27536003BFB20 /* SynthucatorUITests.xctest */;
			productType = "com.apple.product-type.bundle.ui-testing";
		};
/* End PBXNativeTarget section */

/* Begin PBXProject section */
		B452C8AB2CF27532003BFB20 /* Project object */ = {
			isa = PBXProject;
			attributes = {
				BuildIndependentTargetsInParallel = 1;
				LastSwiftUpdateCheck = 1610;
				LastUpgradeCheck = 1610;
				TargetAttributes = {
					B452C8B22CF27532003BFB20 = {
						CreatedOnToolsVersion = 16.1;
					};
					B452C8C22CF27536003BFB20 = {
						CreatedOnToolsVersion = 16.1;
						TestTargetID = B452C8B22CF27532003BFB20;
					};
					B452C8CC2CF27536003BFB20 = {
						CreatedOnToolsVersion = 16.1;
						TestTargetID = B452C8B22CF27532003BFB20;
					};
				};
			};
			buildConfigurationList = B452C8AE2CF27532003BFB20 /* Build configuration list for PBXProject "Synthucator" */;
			developmentRegion = en;
			hasScannedForEncodings = 0;
			knownRegions = (
				en,
				Base,
			);
			mainGroup = B452C8AA2CF27532003BFB20;
			minimizedProjectReferenceProxies = 1;
			packageReferences = (
				B452C8E02CF2754F003BFB20 /* XCRemoteSwiftPackageReference "AudioKit" */,
				B452C8E32CF27647003BFB20 /* XCRemoteSwiftPackageReference "SoundpipeAudioKit" */,
				B4141C4C2D0AEF370033000B /* XCRemoteSwiftPackageReference "Keyboard" */,
				B4141C4F2D0AF68D0033000B /* XCRemoteSwiftPackageReference "AudioKitUI" */,
			);
			preferredProjectObjectVersion = 77;
			productRefGroup = B452C8B42CF27532003BFB20 /* Products */;
			projectDirPath = "";
			projectRoot = "";
			targets = (
				B452C8B22CF27532003BFB20 /* Synthucator */,
				B452C8C22CF27536003BFB20 /* SynthucatorTests */,
				B452C8CC2CF27536003BFB20 /* SynthucatorUITests */,
			);
		};
/* End PBXProject section */

/* Begin PBXResourcesBuildPhase section */
		B452C8B12CF27532003BFB20 /* Resources */ = {
			isa = PBXResourcesBuildPhase;
			buildActionMask = 2147483647;
			files = (
			);
			runOnlyForDeploymentPostprocessing = 0;
		};
		B452C8C12CF27536003BFB20 /* Resources */ = {
			isa = PBXResourcesBuildPhase;
			buildActionMask = 2147483647;
			files = (
			);
			runOnlyForDeploymentPostprocessing = 0;
		};
		B452C8CB2CF27536003BFB20 /* Resources */ = {
			isa = PBXResourcesBuildPhase;
			buildActionMask = 2147483647;
			files = (
			);
			runOnlyForDeploymentPostprocessing = 0;
		};
/* End PBXResourcesBuildPhase section */

/* Begin PBXSourcesBuildPhase section */
		B452C8AF2CF27532003BFB20 /* Sources */ = {
			isa = PBXSourcesBuildPhase;
			buildActionMask = 2147483647;
			files = (
			);
			runOnlyForDeploymentPostprocessing = 0;
		};
		B452C8BF2CF27536003BFB20 /* Sources */ = {
			isa = PBXSourcesBuildPhase;
			buildActionMask = 2147483647;
			files = (
			);
			runOnlyForDeploymentPostprocessing = 0;
		};
		B452C8C92CF27536003BFB20 /* Sources */ = {
			isa = PBXSourcesBuildPhase;
			buildActionMask = 2147483647;
			files = (
			);
			runOnlyForDeploymentPostprocessing = 0;
		};
/* End PBXSourcesBuildPhase section */

/* Begin PBXTargetDependency section */
		B452C8C52CF27536003BFB20 /* PBXTargetDependency */ = {
			isa = PBXTargetDependency;
			target = B452C8B22CF27532003BFB20 /* Synthucator */;
			targetProxy = B452C8C42CF27536003BFB20 /* PBXContainerItemProxy */;
		};
		B452C8CF2CF27536003BFB20 /* PBXTargetDependency */ = {
			isa = PBXTargetDependency;
			target = B452C8B22CF27532003BFB20 /* Synthucator */;
			targetProxy = B452C8CE2CF27536003BFB20 /* PBXContainerItemProxy */;
		};
/* End PBXTargetDependency section */

/* Begin XCBuildConfiguration section */
		B452C8D52CF27536003BFB20 /* Debug */ = {
			isa = XCBuildConfiguration;
			buildSettings = {
				ALWAYS_SEARCH_USER_PATHS = NO;
				ASSETCATALOG_COMPILER_GENERATE_SWIFT_ASSET_SYMBOL_EXTENSIONS = YES;
				CLANG_ANALYZER_NONNULL = YES;
				CLANG_ANALYZER_NUMBER_OBJECT_CONVERSION = YES_AGGRESSIVE;
				CLANG_CXX_LANGUAGE_STANDARD = "gnu++20";
				CLANG_ENABLE_MODULES = YES;
				CLANG_ENABLE_OBJC_ARC = YES;
				CLANG_ENABLE_OBJC_WEAK = YES;
				CLANG_WARN_BLOCK_CAPTURE_AUTORELEASING = YES;
				CLANG_WARN_BOOL_CONVERSION = YES;
				CLANG_WARN_COMMA = YES;
				CLANG_WARN_CONSTANT_CONVERSION = YES;
				CLANG_WARN_DEPRECATED_OBJC_IMPLEMENTATIONS = YES;
				CLANG_WARN_DIRECT_OBJC_ISA_USAGE = YES_ERROR;
				CLANG_WARN_DOCUMENTATION_COMMENTS = YES;
				CLANG_WARN_EMPTY_BODY = YES;
				CLANG_WARN_ENUM_CONVERSION = YES;
				CLANG_WARN_INFINITE_RECURSION = YES;
				CLANG_WARN_INT_CONVERSION = YES;
				CLANG_WARN_NON_LITERAL_NULL_CONVERSION = YES;
				CLANG_WARN_OBJC_IMPLICIT_RETAIN_SELF = YES;
				CLANG_WARN_OBJC_LITERAL_CONVERSION = YES;
				CLANG_WARN_OBJC_ROOT_CLASS = YES_ERROR;
				CLANG_WARN_QUOTED_INCLUDE_IN_FRAMEWORK_HEADER = YES;
				CLANG_WARN_RANGE_LOOP_ANALYSIS = YES;
				CLANG_WARN_STRICT_PROTOTYPES = YES;
				CLANG_WARN_SUSPICIOUS_MOVE = YES;
				CLANG_WARN_UNGUARDED_AVAILABILITY = YES_AGGRESSIVE;
				CLANG_WARN_UNREACHABLE_CODE = YES;
				CLANG_WARN__DUPLICATE_METHOD_MATCH = YES;
				COPY_PHASE_STRIP = NO;
				DEBUG_INFORMATION_FORMAT = dwarf;
				ENABLE_STRICT_OBJC_MSGSEND = YES;
				ENABLE_TESTABILITY = YES;
				ENABLE_USER_SCRIPT_SANDBOXING = YES;
				GCC_C_LANGUAGE_STANDARD = gnu17;
				GCC_DYNAMIC_NO_PIC = NO;
				GCC_NO_COMMON_BLOCKS = YES;
				GCC_OPTIMIZATION_LEVEL = 0;
				GCC_PREPROCESSOR_DEFINITIONS = (
					"DEBUG=1",
					"$(inherited)",
				);
				GCC_WARN_64_TO_32_BIT_CONVERSION = YES;
				GCC_WARN_ABOUT_RETURN_TYPE = YES_ERROR;
				GCC_WARN_UNDECLARED_SELECTOR = YES;
				GCC_WARN_UNINITIALIZED_AUTOS = YES_AGGRESSIVE;
				GCC_WARN_UNUSED_FUNCTION = YES;
				GCC_WARN_UNUSED_VARIABLE = YES;
				IPHONEOS_DEPLOYMENT_TARGET = 18.1;
				LOCALIZATION_PREFERS_STRING_CATALOGS = YES;
				MTL_ENABLE_DEBUG_INFO = INCLUDE_SOURCE;
				MTL_FAST_MATH = YES;
				ONLY_ACTIVE_ARCH = YES;
				SDKROOT = iphoneos;
				SWIFT_ACTIVE_COMPILATION_CONDITIONS = "DEBUG $(inherited)";
				SWIFT_OPTIMIZATION_LEVEL = "-Onone";
			};
			name = Debug;
		};
		B452C8D62CF27536003BFB20 /* Release */ = {
			isa = XCBuildConfiguration;
			buildSettings = {
				ALWAYS_SEARCH_USER_PATHS = NO;
				ASSETCATALOG_COMPILER_GENERATE_SWIFT_ASSET_SYMBOL_EXTENSIONS = YES;
				CLANG_ANALYZER_NONNULL = YES;
				CLANG_ANALYZER_NUMBER_OBJECT_CONVERSION = YES_AGGRESSIVE;
				CLANG_CXX_LANGUAGE_STANDARD = "gnu++20";
				CLANG_ENABLE_MODULES = YES;
				CLANG_ENABLE_OBJC_ARC = YES;
				CLANG_ENABLE_OBJC_WEAK = YES;
				CLANG_WARN_BLOCK_CAPTURE_AUTORELEASING = YES;
				CLANG_WARN_BOOL_CONVERSION = YES;
				CLANG_WARN_COMMA = YES;
				CLANG_WARN_CONSTANT_CONVERSION = YES;
				CLANG_WARN_DEPRECATED_OBJC_IMPLEMENTATIONS = YES;
				CLANG_WARN_DIRECT_OBJC_ISA_USAGE = YES_ERROR;
				CLANG_WARN_DOCUMENTATION_COMMENTS = YES;
				CLANG_WARN_EMPTY_BODY = YES;
				CLANG_WARN_ENUM_CONVERSION = YES;
				CLANG_WARN_INFINITE_RECURSION = YES;
				CLANG_WARN_INT_CONVERSION = YES;
				CLANG_WARN_NON_LITERAL_NULL_CONVERSION = YES;
				CLANG_WARN_OBJC_IMPLICIT_RETAIN_SELF = YES;
				CLANG_WARN_OBJC_LITERAL_CONVERSION = YES;
				CLANG_WARN_OBJC_ROOT_CLASS = YES_ERROR;
				CLANG_WARN_QUOTED_INCLUDE_IN_FRAMEWORK_HEADER = YES;
				CLANG_WARN_RANGE_LOOP_ANALYSIS = YES;
				CLANG_WARN_STRICT_PROTOTYPES = YES;
				CLANG_WARN_SUSPICIOUS_MOVE = YES;
				CLANG_WARN_UNGUARDED_AVAILABILITY = YES_AGGRESSIVE;
				CLANG_WARN_UNREACHABLE_CODE = YES;
				CLANG_WARN__DUPLICATE_METHOD_MATCH = YES;
				COPY_PHASE_STRIP = NO;
				DEBUG_INFORMATION_FORMAT = "dwarf-with-dsym";
				ENABLE_NS_ASSERTIONS = NO;
				ENABLE_STRICT_OBJC_MSGSEND = YES;
				ENABLE_USER_SCRIPT_SANDBOXING = YES;
				GCC_C_LANGUAGE_STANDARD = gnu17;
				GCC_NO_COMMON_BLOCKS = YES;
				GCC_WARN_64_TO_32_BIT_CONVERSION = YES;
				GCC_WARN_ABOUT_RETURN_TYPE = YES_ERROR;
				GCC_WARN_UNDECLARED_SELECTOR = YES;
				GCC_WARN_UNINITIALIZED_AUTOS = YES_AGGRESSIVE;
				GCC_WARN_UNUSED_FUNCTION = YES;
				GCC_WARN_UNUSED_VARIABLE = YES;
				IPHONEOS_DEPLOYMENT_TARGET = 18.1;
				LOCALIZATION_PREFERS_STRING_CATALOGS = YES;
				MTL_ENABLE_DEBUG_INFO = NO;
				MTL_FAST_MATH = YES;
				SDKROOT = iphoneos;
				SWIFT_COMPILATION_MODE = wholemodule;
				VALIDATE_PRODUCT = YES;
			};
			name = Release;
		};
		B452C8D82CF27536003BFB20 /* Debug */ = {
			isa = XCBuildConfiguration;
			buildSettings = {
				ASSETCATALOG_COMPILER_APPICON_NAME = AppIcon;
				ASSETCATALOG_COMPILER_GLOBAL_ACCENT_COLOR_NAME = AccentColor;
				CODE_SIGN_STYLE = Automatic;
				CURRENT_PROJECT_VERSION = 1;
				DEVELOPMENT_ASSET_PATHS = "\"Synthucator/Preview Content\"";
				DEVELOPMENT_TEAM = F98PJ8ZQP4;
				ENABLE_PREVIEWS = YES;
				GENERATE_INFOPLIST_FILE = YES;
				INFOPLIST_FILE = Synthucator/Info.plist;
				INFOPLIST_KEY_LSApplicationCategoryType = "public.app-category.entertainment";
				INFOPLIST_KEY_NSMicrophoneUsageDescription = "This app needs audio access to play synthesizer sounds";
				INFOPLIST_KEY_UIApplicationSceneManifest_Generation = YES;
				INFOPLIST_KEY_UIApplicationSupportsIndirectInputEvents = YES;
				INFOPLIST_KEY_UILaunchScreen_Generation = YES;
				INFOPLIST_KEY_UIStatusBarStyle = "";
				INFOPLIST_KEY_UISupportedInterfaceOrientations = "UIInterfaceOrientationLandscapeLeft UIInterfaceOrientationLandscapeRight";
				IPHONEOS_DEPLOYMENT_TARGET = 17.6;
				LD_RUNPATH_SEARCH_PATHS = (
					"$(inherited)",
					"@executable_path/Frameworks",
				);
				MARKETING_VERSION = 1.0;
				PRODUCT_BUNDLE_IDENTIFIER = UoY.Synthucator;
				PRODUCT_NAME = "$(TARGET_NAME)";
				SWIFT_EMIT_LOC_STRINGS = YES;
				SWIFT_VERSION = 5.0;
				TARGETED_DEVICE_FAMILY = "1,2";
			};
			name = Debug;
		};
		B452C8D92CF27536003BFB20 /* Release */ = {
			isa = XCBuildConfiguration;
			buildSettings = {
				ASSETCATALOG_COMPILER_APPICON_NAME = AppIcon;
				ASSETCATALOG_COMPILER_GLOBAL_ACCENT_COLOR_NAME = AccentColor;
				CODE_SIGN_STYLE = Automatic;
				CURRENT_PROJECT_VERSION = 1;
				DEVELOPMENT_ASSET_PATHS = "\"Synthucator/Preview Content\"";
				DEVELOPMENT_TEAM = F98PJ8ZQP4;
				ENABLE_PREVIEWS = YES;
				GENERATE_INFOPLIST_FILE = YES;
				INFOPLIST_FILE = Synthucator/Info.plist;
				INFOPLIST_KEY_LSApplicationCategoryType = "public.app-category.entertainment";
				INFOPLIST_KEY_NSMicrophoneUsageDescription = "This app needs audio access to play synthesizer sounds";
				INFOPLIST_KEY_UIApplicationSceneManifest_Generation = YES;
				INFOPLIST_KEY_UIApplicationSupportsIndirectInputEvents = YES;
				INFOPLIST_KEY_UILaunchScreen_Generation = YES;
				INFOPLIST_KEY_UIStatusBarStyle = "";
				INFOPLIST_KEY_UISupportedInterfaceOrientations = "UIInterfaceOrientationLandscapeLeft UIInterfaceOrientationLandscapeRight";
				IPHONEOS_DEPLOYMENT_TARGET = 17.6;
				LD_RUNPATH_SEARCH_PATHS = (
					"$(inherited)",
					"@executable_path/Frameworks",
				);
				MARKETING_VERSION = 1.0;
				PRODUCT_BUNDLE_IDENTIFIER = UoY.Synthucator;
				PRODUCT_NAME = "$(TARGET_NAME)";
				SWIFT_EMIT_LOC_STRINGS = YES;
				SWIFT_VERSION = 5.0;
				TARGETED_DEVICE_FAMILY = "1,2";
			};
			name = Release;
		};
		B452C8DB2CF27536003BFB20 /* Debug */ = {
			isa = XCBuildConfiguration;
			buildSettings = {
				BUNDLE_LOADER = "$(TEST_HOST)";
				CODE_SIGN_STYLE = Automatic;
				CURRENT_PROJECT_VERSION = 1;
				GENERATE_INFOPLIST_FILE = YES;
				IPHONEOS_DEPLOYMENT_TARGET = 18.1;
				MARKETING_VERSION = 1.0;
				PRODUCT_BUNDLE_IDENTIFIER = UoY.SynthucatorTests;
				PRODUCT_NAME = "$(TARGET_NAME)";
				SWIFT_EMIT_LOC_STRINGS = NO;
				SWIFT_VERSION = 5.0;
				TARGETED_DEVICE_FAMILY = "1,2";
				TEST_HOST = "$(BUILT_PRODUCTS_DIR)/Synthucator.app/$(BUNDLE_EXECUTABLE_FOLDER_PATH)/Synthucator";
			};
			name = Debug;
		};
		B452C8DC2CF27536003BFB20 /* Release */ = {
			isa = XCBuildConfiguration;
			buildSettings = {
				BUNDLE_LOADER = "$(TEST_HOST)";
				CODE_SIGN_STYLE = Automatic;
				CURRENT_PROJECT_VERSION = 1;
				GENERATE_INFOPLIST_FILE = YES;
				IPHONEOS_DEPLOYMENT_TARGET = 18.1;
				MARKETING_VERSION = 1.0;
				PRODUCT_BUNDLE_IDENTIFIER = UoY.SynthucatorTests;
				PRODUCT_NAME = "$(TARGET_NAME)";
				SWIFT_EMIT_LOC_STRINGS = NO;
				SWIFT_VERSION = 5.0;
				TARGETED_DEVICE_FAMILY = "1,2";
				TEST_HOST = "$(BUILT_PRODUCTS_DIR)/Synthucator.app/$(BUNDLE_EXECUTABLE_FOLDER_PATH)/Synthucator";
			};
			name = Release;
		};
		B452C8DE2CF27536003BFB20 /* Debug */ = {
			isa = XCBuildConfiguration;
			buildSettings = {
				CODE_SIGN_STYLE = Automatic;
				CURRENT_PROJECT_VERSION = 1;
				GENERATE_INFOPLIST_FILE = YES;
				MARKETING_VERSION = 1.0;
				PRODUCT_BUNDLE_IDENTIFIER = UoY.SynthucatorUITests;
				PRODUCT_NAME = "$(TARGET_NAME)";
				SWIFT_EMIT_LOC_STRINGS = NO;
				SWIFT_VERSION = 5.0;
				TARGETED_DEVICE_FAMILY = "1,2";
				TEST_TARGET_NAME = Synthucator;
			};
			name = Debug;
		};
		B452C8DF2CF27536003BFB20 /* Release */ = {
			isa = XCBuildConfiguration;
			buildSettings = {
				CODE_SIGN_STYLE = Automatic;
				CURRENT_PROJECT_VERSION = 1;
				GENERATE_INFOPLIST_FILE = YES;
				MARKETING_VERSION = 1.0;
				PRODUCT_BUNDLE_IDENTIFIER = UoY.SynthucatorUITests;
				PRODUCT_NAME = "$(TARGET_NAME)";
				SWIFT_EMIT_LOC_STRINGS = NO;
				SWIFT_VERSION = 5.0;
				TARGETED_DEVICE_FAMILY = "1,2";
				TEST_TARGET_NAME = Synthucator;
			};
			name = Release;
		};
/* End XCBuildConfiguration section */

/* Begin XCConfigurationList section */
		B452C8AE2CF27532003BFB20 /* Build configuration list for PBXProject "Synthucator" */ = {
			isa = XCConfigurationList;
			buildConfigurations = (
				B452C8D52CF27536003BFB20 /* Debug */,
				B452C8D62CF27536003BFB20 /* Release */,
			);
			defaultConfigurationIsVisible = 0;
			defaultConfigurationName = Release;
		};
		B452C8D72CF27536003BFB20 /* Build configuration list for PBXNativeTarget "Synthucator" */ = {
			isa = XCConfigurationList;
			buildConfigurations = (
				B452C8D82CF27536003BFB20 /* Debug */,
				B452C8D92CF27536003BFB20 /* Release */,
			);
			defaultConfigurationIsVisible = 0;
			defaultConfigurationName = Release;
		};
		B452C8DA2CF27536003BFB20 /* Build configuration list for PBXNativeTarget "SynthucatorTests" */ = {
			isa = XCConfigurationList;
			buildConfigurations = (
				B452C8DB2CF27536003BFB20 /* Debug */,
				B452C8DC2CF27536003BFB20 /* Release */,
			);
			defaultConfigurationIsVisible = 0;
			defaultConfigurationName = Release;
		};
		B452C8DD2CF27536003BFB20 /* Build configuration list for PBXNativeTarget "SynthucatorUITests" */ = {
			isa = XCConfigurationList;
			buildConfigurations = (
				B452C8DE2CF27536003BFB20 /* Debug */,
				B452C8DF2CF27536003BFB20 /* Release */,
			);
			defaultConfigurationIsVisible = 0;
			defaultConfigurationName = Release;
		};
/* End XCConfigurationList section */

/* Begin XCRemoteSwiftPackageReference section */
		B4141C4C2D0AEF370033000B /* XCRemoteSwiftPackageReference "Keyboard" */ = {
			isa = XCRemoteSwiftPackageReference;
			repositoryURL = "https://github.com/AudioKit/Keyboard.git";
			requirement = {
				kind = upToNextMajorVersion;
				minimumVersion = 1.3.7;
			};
		};
		B4141C4F2D0AF68D0033000B /* XCRemoteSwiftPackageReference "AudioKitUI" */ = {
			isa = XCRemoteSwiftPackageReference;
			repositoryURL = "https://github.com/AudioKit/AudioKitUI.git";
			requirement = {
				kind = upToNextMajorVersion;
				minimumVersion = 0.3.7;
			};
		};
		B452C8E02CF2754F003BFB20 /* XCRemoteSwiftPackageReference "AudioKit" */ = {
			isa = XCRemoteSwiftPackageReference;
			repositoryURL = "https://github.com/AudioKit/AudioKit.git";
			requirement = {
				kind = upToNextMajorVersion;
				minimumVersion = 5.6.4;
			};
		};
		B452C8E32CF27647003BFB20 /* XCRemoteSwiftPackageReference "SoundpipeAudioKit" */ = {
			isa = XCRemoteSwiftPackageReference;
			repositoryURL = "https://github.com/AudioKit/SoundpipeAudioKit.git";
			requirement = {
				kind = upToNextMajorVersion;
				minimumVersion = 5.6.1;
			};
		};
/* End XCRemoteSwiftPackageReference section */

/* Begin XCSwiftPackageProductDependency section */
		B4141C4D2D0AEF370033000B /* Keyboard */ = {
			isa = XCSwiftPackageProductDependency;
			package = B4141C4C2D0AEF370033000B /* XCRemoteSwiftPackageReference "Keyboard" */;
			productName = Keyboard;
		};
		B4141C502D0AF68D0033000B /* AudioKitUI */ = {
			isa = XCSwiftPackageProductDependency;
			package = B4141C4F2D0AF68D0033000B /* XCRemoteSwiftPackageReference "AudioKitUI" */;
			productName = AudioKitUI;
		};
		B452C8E12CF2754F003BFB20 /* AudioKit */ = {
			isa = XCSwiftPackageProductDependency;
			package = B452C8E02CF2754F003BFB20 /* XCRemoteSwiftPackageReference "AudioKit" */;
			productName = AudioKit;
		};
		B452C8E42CF27647003BFB20 /* SoundpipeAudioKit */ = {
			isa = XCSwiftPackageProductDependency;
			package = B452C8E32CF27647003BFB20 /* XCRemoteSwiftPackageReference "SoundpipeAudioKit" */;
			productName = SoundpipeAudioKit;
		};
/* End XCSwiftPackageProductDependency section */
	};
	rootObject = B452C8AB2CF27532003BFB20 /* Project object */;
}
